{
  "requires": true,
  "lockfileVersion": 1,
  "dependencies": {
    "vue-toastification": {
      "version": "0.8.0",
      "resolved": "https://registry.npmjs.org/vue-toastification/-/vue-toastification-0.8.0.tgz",
      "integrity": "sha512-/rCDU+Jfow6z9QnKlR/9WQ0L3ilsTCpjWtH1AoKQlWZPljvp6U0BTfIwfef4fgqrQB8ebbMNed6a6C+PqraU5A=="
    }
  }
}
